
Microsoft Visual Studio Solution File, Format Version 12.00
# Visual Studio Version 16
VisualStudioVersion = 16.0.32228.343
MinimumVisualStudioVersion = 10.0.40219.1
Project("{8BC9CEB8-8B4A-11D0-8D11-00A0C91BC942}") = "CPP_protos", "CPP_protos\CPP_protos.vcxproj", "{574BD8E1-6A7D-4204-9345-85D8F856D985}"
EndProject
Global
	GlobalSection(SolutionConfigurationPlatforms) = preSolution
		Debug|x64 = Debug|x64
		Debug|x86 = Debug|x86
		Release|x64 = Release|x64
		Release|x86 = Release|x86
	EndGlobalSection
	GlobalSection(ProjectConfigurationPlatforms) = postSolution
		{574BD8E1-6A7D-4204-9345-85D8F856D985}.Debug|x64.ActiveCfg = Debug|x64
		{574BD8E1-6A7D-4204-9345-85D8F856D985}.Debug|x64.Build.0 = Debug|x64
		{574BD8E1-6A7D-4204-9345-85D8F856D985}.Debug|x86.ActiveCfg = Debug|Win32
		{574BD8E1-6A7D-4204-9345-85D8F856D985}.Debug|x86.Build.0 = Debug|Win32
		{574BD8E1-6A7D-4204-9345-85D8F856D985}.Release|x64.ActiveCfg = Release|x64
		{574BD8E1-6A7D-4204-9345-85D8F856D985}.Release|x64.Build.0 = Release|x64
		{574BD8E1-6A7D-4204-9345-85D8F856D985}.Release|x86.ActiveCfg = Release|Win32
		{574BD8E1-6A7D-4204-9345-85D8F856D985}.Release|x86.Build.0 = Release|Win32
	EndGlobalSection
	GlobalSection(SolutionProperties) = preSolution
		HideSolutionNode = FALSE
	EndGlobalSection
	GlobalSection(ExtensibilityGlobals) = postSolution
		SolutionGuid = {97C5025A-C3FB-4CC6-885F-AED9A9F9ACA9}
	EndGlobalSection
EndGlobal
